
Microsoft Visual Studio Solution File, Format Version 12.00
# Visual Studio 15
VisualStudioVersion = 15.0.28307.1300
MinimumVisualStudioVersion = 10.0.40219.1
Project("{FAE04EC0-301F-11D3-BF4B-00C04F79EFBC}") = "BibliotecaClases", "BibliotecaClases\BibliotecaClases.csproj", "{015B1752-28B2-4D5E-830B-F25998D3ECEC}"
EndProject
Project("{FAE04EC0-301F-11D3-BF4B-00C04F79EFBC}") = "GestOn2", "GestOn2\GestOn2.csproj", "{115D1FBB-B14B-4505-9709-B6EC76969158}"
EndProject
Global
	GlobalSection(SolutionConfigurationPlatforms) = preSolution
		Debug|Any CPU = Debug|Any CPU
		Release|Any CPU = Release|Any CPU
	EndGlobalSection
	GlobalSection(ProjectConfigurationPlatforms) = postSolution
		{015B1752-28B2-4D5E-830B-F25998D3ECEC}.Debug|Any CPU.ActiveCfg = Debug|Any CPU
		{015B1752-28B2-4D5E-830B-F25998D3ECEC}.Debug|Any CPU.Build.0 = Debug|Any CPU
		{015B1752-28B2-4D5E-830B-F25998D3ECEC}.Release|Any CPU.ActiveCfg = Release|Any CPU
		{015B1752-28B2-4D5E-830B-F25998D3ECEC}.Release|Any CPU.Build.0 = Release|Any CPU
		{115D1FBB-B14B-4505-9709-B6EC76969158}.Debug|Any CPU.ActiveCfg = Debug|Any CPU
		{115D1FBB-B14B-4505-9709-B6EC76969158}.Debug|Any CPU.Build.0 = Debug|Any CPU
		{115D1FBB-B14B-4505-9709-B6EC76969158}.Release|Any CPU.ActiveCfg = Release|Any CPU
		{115D1FBB-B14B-4505-9709-B6EC76969158}.Release|Any CPU.Build.0 = Release|Any CPU
	EndGlobalSection
	GlobalSection(SolutionProperties) = preSolution
		HideSolutionNode = FALSE
	EndGlobalSection
	GlobalSection(ExtensibilityGlobals) = postSolution
		SolutionGuid = {9B6EDE56-A238-48EE-9630-CB8A3F023EA2}
	EndGlobalSection
EndGlobal
